PODS:
  - Flutter (1.0.0)
  - FMDB (2.7.5):
    - FMDB/standard (= 2.7.5)
  - FMDB/standard (2.7.5)
  - Glassfy (1.4.0)
  - glassfy_flutter (1.5.2):
    - Flutter
    - GlassfyGlue (= 1.4.0)
  - GlassfyGlue (1.4.0):
    - Glassfy (= 1.4.0)
  - path_provider_foundation (0.0.1):
    - Flutter
    - FlutterMacOS
  - purchases_flutter (5.3.0):
    - Flutter
    - PurchasesHybridCommon (= 5.3.0)
  - PurchasesHybridCommon (5.3.0):
    - RevenueCat (= 4.24.1)
  - RevenueCat (4.24.1)
  - shared_preferences_foundation (0.0.1):
    - Flutter
    - FlutterMacOS
  - sqflite (0.0.3):
    - Flutter
    - FMDB (>= 2.7.5)
  - url_launcher_ios (0.0.1):
    - Flutter

DEPENDENCIES:
  - Flutter (from `Flutter`)
  - glassfy_flutter (from `.symlinks/plugins/glassfy_flutter/ios`)
  - path_provider_foundation (from `.symlinks/plugins/path_provider_foundation/darwin`)
  - purchases_flutter (from `.symlinks/plugins/purchases_flutter/ios`)
  - shared_preferences_foundation (from `.symlinks/plugins/shared_preferences_foundation/darwin`)
  - sqflite (from `.symlinks/plugins/sqflite/ios`)
  - url_launcher_ios (from `.symlinks/plugins/url_launcher_ios/ios`)

SPEC REPOS:
  trunk:
    - FMDB
    - Glassfy
    - GlassfyGlue
    - PurchasesHybridCommon
    - RevenueCat

EXTERNAL SOURCES:
  Flutter:
    :path: Flutter
  glassfy_flutter:
    :path: ".symlinks/plugins/glassfy_flutter/ios"
  path_provider_foundation:
    :path: ".symlinks/plugins/path_provider_foundation/darwin"
  purchases_flutter:
    :path: ".symlinks/plugins/purchases_flutter/ios"
  shared_preferences_foundation:
    :path: ".symlinks/plugins/shared_preferences_foundation/darwin"
  sqflite:
    :path: ".symlinks/plugins/sqflite/ios"
  url_launcher_ios:
    :path: ".symlinks/plugins/url_launcher_ios/ios"

SPEC CHECKSUMS:
  Flutter: f04841e97a9d0b0a8025694d0796dd46242b2854
  FMDB: 2ce00b547f966261cd18927a3ddb07cb6f3db82a
  Glassfy: 6c13edc242715212cfd01a0a12c8553f2f06cfcb
  glassfy_flutter: 124f614671da19dabcb50cf59fdbc036967066b7
  GlassfyGlue: 5307e20bb8380ee1c44aa44bc0fbc4e093a47c09
  path_provider_foundation: eaf5b3e458fc0e5fbb9940fb09980e853fe058b8
  purchases_flutter: 3cf1671df370c385e6142a2b4209a03ad21e52ca
  PurchasesHybridCommon: b7e85ee8afb68789191e0d776c98e02c3439771d
  RevenueCat: 8e5da200b5a5f45688aead5d803654c19f739914
  shared_preferences_foundation: 5b919d13b803cadd15ed2dc053125c68730e5126
  sqflite: 31f7eba61e3074736dff8807a9b41581e4f7f15a
  url_launcher_ios: 08a3dfac5fb39e8759aeb0abbd5d9480f30fc8b4

PODFILE CHECKSUM: 70d9d25280d0dd177a5f637cdb0f0b0b12c6a189

COCOAPODS: 1.12.1
