PODS:
  - Flutter (1.0.0)
  - Qonversion (4.0.0):
    - Qonversion/Main (= 4.0.0)
  - Qonversion/Main (4.0.0)
  - qonversion_flutter (5.0.0):
    - Flutter
    - QonversionSandwich (= 2.0.1)
  - QonversionSandwich (2.0.1):
    - Qonversion (= 4.0.0)

DEPENDENCIES:
  - Flutter (from `Flutter`)
  - qonversion_flutter (from `.symlinks/plugins/qonversion_flutter/ios`)

SPEC REPOS:
  trunk:
    - Qonversion
    - QonversionSandwich

EXTERNAL SOURCES:
  Flutter:
    :path: Flutter
  qonversion_flutter:
    :path: ".symlinks/plugins/qonversion_flutter/ios"

SPEC CHECKSUMS:
  Flutter: f04841e97a9d0b0a8025694d0796dd46242b2854
  Qonversion: ae70809310aa2efc43b7df7770c3a65fdec7407b
  qonversion_flutter: 465ccb54780865d167c0923dd2bf35271b86d80e
  QonversionSandwich: 95409320b792f124a9a65d60e8137cfbb1231620

PODFILE CHECKSUM: 70d9d25280d0dd177a5f637cdb0f0b0b12c6a189

COCOAPODS: 1.12.1
